
Microsoft Visual Studio Solution File, Format Version 12.00
# Visual Studio 14
VisualStudioVersion = 14.0.22730.0
MinimumVisualStudioVersion = 10.0.40219.1
Project("{2150E333-8FDC-42A3-9474-1A3956D46DE8}") = "src", "src", "{16C603FE-DBAB-471F-83EA-1EBA85FD2072}"
EndProject
Project("{2150E333-8FDC-42A3-9474-1A3956D46DE8}") = "Solution Items", "Solution Items", "{035396CB-D293-4011-92AB-88183649A737}"
	ProjectSection(SolutionItems) = preProject
		global.json = global.json
	EndProjectSection
EndProject
Project("{8BB2217D-0F2D-49D1-97BC-3654ED321F3B}") = "DnxSignOff", "src\DnxSignOff\DnxSignOff.xproj", "{C16B7350-50B3-42B4-9FC0-9C21944FA36A}"
EndProject
Project("{8BB2217D-0F2D-49D1-97BC-3654ED321F3B}") = "StarterSiteForCopying", "src\StarterSiteForCopying\StarterSiteForCopying.xproj", "{7D6D80D9-B275-4A1A-8250-DAD7A113FE18}"
EndProject
Global
	GlobalSection(SolutionConfigurationPlatforms) = preSolution
		Debug|Any CPU = Debug|Any CPU
		Release|Any CPU = Release|Any CPU
	EndGlobalSection
	GlobalSection(ProjectConfigurationPlatforms) = postSolution
		{C16B7350-50B3-42B4-9FC0-9C21944FA36A}.Debug|Any CPU.ActiveCfg = Debug|Any CPU
		{C16B7350-50B3-42B4-9FC0-9C21944FA36A}.Debug|Any CPU.Build.0 = Debug|Any CPU
		{C16B7350-50B3-42B4-9FC0-9C21944FA36A}.Release|Any CPU.ActiveCfg = Release|Any CPU
		{C16B7350-50B3-42B4-9FC0-9C21944FA36A}.Release|Any CPU.Build.0 = Release|Any CPU
		{7D6D80D9-B275-4A1A-8250-DAD7A113FE18}.Debug|Any CPU.ActiveCfg = Debug|Any CPU
		{7D6D80D9-B275-4A1A-8250-DAD7A113FE18}.Debug|Any CPU.Build.0 = Debug|Any CPU
		{7D6D80D9-B275-4A1A-8250-DAD7A113FE18}.Release|Any CPU.ActiveCfg = Release|Any CPU
		{7D6D80D9-B275-4A1A-8250-DAD7A113FE18}.Release|Any CPU.Build.0 = Release|Any CPU
	EndGlobalSection
	GlobalSection(SolutionProperties) = preSolution
		HideSolutionNode = FALSE
	EndGlobalSection
	GlobalSection(NestedProjects) = preSolution
		{C16B7350-50B3-42B4-9FC0-9C21944FA36A} = {16C603FE-DBAB-471F-83EA-1EBA85FD2072}
		{7D6D80D9-B275-4A1A-8250-DAD7A113FE18} = {16C603FE-DBAB-471F-83EA-1EBA85FD2072}
	EndGlobalSection
EndGlobal
